# This file is autogenerated, do not edit; changes may be undone by the next 'dep ensure'.


[[projects]]
  branch = "master"
  digest = "1:0e82090292af3b9a6aad3652a780b347f6323d0b83b3c44daaa8f7df88fceb90"
  name = "github.com/KrugoTravel/shared-go"
  packages = [
    "dynamoDBHelper",
    "errorHelper",
    "models/DTO",
    "models/clientModels",
  ]
  pruneopts = ""
  revision = "cacebecb06553cbbc4cb7c3b49fd8d68c97899da"

[[projects]]
  branch = "master"
  digest = "1:3a56f93eca0becf913fbd6f8064db602b42ce149f2d4d5b0c760d823d5e3848b"
  name = "github.com/alecthomas/jsonschema"
  packages = ["."]
  pruneopts = ""
  revision = "a6952de1bbe6e1c7ef118614925fe4b02847383a"

[[projects]]
  digest = "1:4775daf89638182e60b52ca32dacecb030aff6f9dcecb28af389f6e8aa807ac7"
  name = "github.com/aws/aws-lambda-go"
  packages = [
    "events",
    "lambda",
    "lambda/messages",
    "lambdacontext",
  ]
  pruneopts = ""
  revision = "527f5d301d2993af078be6d0b63372786b3fc18f"
  version = "v1.8.2"

[[projects]]
  digest = "1:c745e44d9dfe791326f9f82fc5618bc20424803d54c7c3529ab0d9ecb065165b"
  name = "github.com/aws/aws-sdk-go"
  packages = [
    "aws",
    "aws/awserr",
    "aws/awsutil",
    "aws/client",
    "aws/client/metadata",
    "aws/corehandlers",
    "aws/credentials",
    "aws/credentials/ec2rolecreds",
    "aws/credentials/endpointcreds",
    "aws/credentials/processcreds",
    "aws/credentials/stscreds",
    "aws/crr",
    "aws/csm",
    "aws/defaults",
    "aws/ec2metadata",
    "aws/endpoints",
    "aws/request",
    "aws/session",
    "aws/signer/v4",
    "internal/ini",
    "internal/sdkio",
    "internal/sdkrand",
    "internal/sdkuri",
    "internal/shareddefaults",
    "private/protocol",
    "private/protocol/json/jsonutil",
    "private/protocol/jsonrpc",
    "private/protocol/query",
    "private/protocol/query/queryutil",
    "private/protocol/rest",
    "private/protocol/xml/xmlutil",
    "service/dynamodb",
    "service/dynamodb/dynamodbattribute",
    "service/dynamodb/dynamodbiface",
    "service/sts",
  ]
  pruneopts = ""
  revision = "10ce3494cb43d3d8dd58b4e5fa40edc2136bf96b"
  version = "v1.16.36"

[[projects]]
  digest = "1:59df7ab87ddca233bb586ff32c6feba12bf787260f6694dc45ceecea9d3e1a7e"
  name = "github.com/cenkalti/backoff"
  packages = ["."]
  pruneopts = ""
  revision = "1e4cf3da559842a91afcb6ea6141451e6c30c618"
  version = "v2.1.1"

[[projects]]
  digest = "1:141cc9fc6279592458b304038bd16a05ef477d125c6dad281216345a11746fd7"
  name = "github.com/gofrs/uuid"
  packages = ["."]
  pruneopts = ""
  revision = "6b08a5c5172ba18946672b49749cde22873dd7c2"
  version = "v3.2.0"

[[projects]]
  digest = "1:e9aae288cc4b294653f6a91f9c583c5cce730107cdd5c2a620e1b921af2c01dc"
  name = "github.com/guregu/dynamo"
  packages = [
    ".",
    "internal/exprs",
  ]
  pruneopts = ""
  revision = "d8bb6a03e2ffcc58fbfe79ea2a44360ac9dbe002"
  version = "v1.1.0"

[[projects]]
  digest = "1:13fe471d0ed891e8544eddfeeb0471fd3c9f2015609a1c000aefdedf52a19d40"
  name = "github.com/jmespath/go-jmespath"
  packages = ["."]
  pruneopts = ""
  revision = "c2b33e84"

[[projects]]
  digest = "1:f5df88d019c24e018e77aeaeea2ce731fa3d6c4535057d64cf92041051f4d309"
  name = "github.com/thoas/go-funk"
  packages = ["."]
  pruneopts = ""
  revision = "9132db0aefe2a09565f5124e267ac9a89845d8f6"
  version = "0.4"

[[projects]]
  branch = "master"
  digest = "1:4f7cbb08d72e1163302e2d21415200a7bc281653f5f34eda8a15c0da11a337b0"
  name = "golang.org/x/net"
  packages = ["context"]
  pruneopts = ""
  revision = "3a22650c66bd7f4fb6d1e8072ffd7b75c8a27898"

[solve-meta]
  analyzer-name = "dep"
  analyzer-version = 1
  input-imports = [
    "github.com/KrugoTravel/shared-go/dynamoDBHelper",
    "github.com/KrugoTravel/shared-go/errorHelper",
    "github.com/alecthomas/jsonschema",
    "github.com/aws/aws-lambda-go/events",
    "github.com/aws/aws-lambda-go/lambda",
    "github.com/guregu/dynamo",
  ]
  solver-name = "gps-cdcl"
  solver-version = 1
